
Microsoft Visual Studio Solution File, Format Version 12.00
# Visual Studio Version 17
VisualStudioVersion = 17.10.35004.147
MinimumVisualStudioVersion = 10.0.40219.1
Project("{FAE04EC0-301F-11D3-BF4B-00C04F79EFBC}") = "Obj-Ori-Day-1", "Obj-Ori-Day-1.csproj", "{F94C823A-65BA-4A3E-B43B-3EE1476F063E}"
EndProject
Global
	GlobalSection(SolutionConfigurationPlatforms) = preSolution
		Debug|Any CPU = Debug|Any CPU
		Release|Any CPU = Release|Any CPU
	EndGlobalSection
	GlobalSection(ProjectConfigurationPlatforms) = postSolution
		{F94C823A-65BA-4A3E-B43B-3EE1476F063E}.Debug|Any CPU.ActiveCfg = Debug|Any CPU
		{F94C823A-65BA-4A3E-B43B-3EE1476F063E}.Debug|Any CPU.Build.0 = Debug|Any CPU
		{F94C823A-65BA-4A3E-B43B-3EE1476F063E}.Release|Any CPU.ActiveCfg = Release|Any CPU
		{F94C823A-65BA-4A3E-B43B-3EE1476F063E}.Release|Any CPU.Build.0 = Release|Any CPU
	EndGlobalSection
	GlobalSection(SolutionProperties) = preSolution
		HideSolutionNode = FALSE
	EndGlobalSection
	GlobalSection(ExtensibilityGlobals) = postSolution
		SolutionGuid = {439AA2C1-4D34-486C-BE70-922BDD7F7559}
	EndGlobalSection
EndGlobal
