
Microsoft Visual Studio Solution File, Format Version 12.00
# Visual Studio Version 17
VisualStudioVersion = 17.11.35222.181
MinimumVisualStudioVersion = 10.0.40219.1
Project("{FAE04EC0-301F-11D3-BF4B-00C04F79EFBC}") = "Day-6-Interfaces", "Day-6-Interfaces\Day-6-Interfaces.csproj", "{A8EFC88A-06B0-4066-A2F8-50457755A8CD}"
EndProject
Global
	GlobalSection(SolutionConfigurationPlatforms) = preSolution
		Debug|Any CPU = Debug|Any CPU
		Release|Any CPU = Release|Any CPU
	EndGlobalSection
	GlobalSection(ProjectConfigurationPlatforms) = postSolution
		{A8EFC88A-06B0-4066-A2F8-50457755A8CD}.Debug|Any CPU.ActiveCfg = Debug|Any CPU
		{A8EFC88A-06B0-4066-A2F8-50457755A8CD}.Debug|Any CPU.Build.0 = Debug|Any CPU
		{A8EFC88A-06B0-4066-A2F8-50457755A8CD}.Release|Any CPU.ActiveCfg = Release|Any CPU
		{A8EFC88A-06B0-4066-A2F8-50457755A8CD}.Release|Any CPU.Build.0 = Release|Any CPU
	EndGlobalSection
	GlobalSection(SolutionProperties) = preSolution
		HideSolutionNode = FALSE
	EndGlobalSection
	GlobalSection(ExtensibilityGlobals) = postSolution
		SolutionGuid = {ABBBF6E5-2956-4F2A-B967-7BDA48D2674E}
	EndGlobalSection
EndGlobal
