
Microsoft Visual Studio Solution File, Format Version 12.00
# Visual Studio Version 17
VisualStudioVersion = 17.11.35219.272
MinimumVisualStudioVersion = 10.0.40219.1
Project("{FAE04EC0-301F-11D3-BF4B-00C04F79EFBC}") = "Day-1-Student-Scores-Class-Example", "Day-1-Student-Scores-Class-Example.csproj", "{3EE69253-980D-4C7C-8930-A5421E052BCF}"
EndProject
Global
	GlobalSection(SolutionConfigurationPlatforms) = preSolution
		Debug|Any CPU = Debug|Any CPU
		Release|Any CPU = Release|Any CPU
	EndGlobalSection
	GlobalSection(ProjectConfigurationPlatforms) = postSolution
		{3EE69253-980D-4C7C-8930-A5421E052BCF}.Debug|Any CPU.ActiveCfg = Debug|Any CPU
		{3EE69253-980D-4C7C-8930-A5421E052BCF}.Debug|Any CPU.Build.0 = Debug|Any CPU
		{3EE69253-980D-4C7C-8930-A5421E052BCF}.Release|Any CPU.ActiveCfg = Release|Any CPU
		{3EE69253-980D-4C7C-8930-A5421E052BCF}.Release|Any CPU.Build.0 = Release|Any CPU
	EndGlobalSection
	GlobalSection(SolutionProperties) = preSolution
		HideSolutionNode = FALSE
	EndGlobalSection
	GlobalSection(ExtensibilityGlobals) = postSolution
		SolutionGuid = {0CA7B423-A30B-41E3-90F5-5E026D2BE100}
	EndGlobalSection
EndGlobal
