
Microsoft Visual Studio Solution File, Format Version 12.00
# Visual Studio Version 17
VisualStudioVersion = 17.7.34031.279
MinimumVisualStudioVersion = 10.0.40219.1
Project("{FAE04EC0-301F-11D3-BF4B-00C04F79EFBC}") = "Unit-2-Day-4-Random-Number-Example", "Unit-2-Day-4-Random-Number-Example.csproj", "{945C1D5B-D8F2-4062-BB35-0CEE494D8379}"
EndProject
Global
	GlobalSection(SolutionConfigurationPlatforms) = preSolution
		Debug|Any CPU = Debug|Any CPU
		Release|Any CPU = Release|Any CPU
	EndGlobalSection
	GlobalSection(ProjectConfigurationPlatforms) = postSolution
		{945C1D5B-D8F2-4062-BB35-0CEE494D8379}.Debug|Any CPU.ActiveCfg = Debug|Any CPU
		{945C1D5B-D8F2-4062-BB35-0CEE494D8379}.Debug|Any CPU.Build.0 = Debug|Any CPU
		{945C1D5B-D8F2-4062-BB35-0CEE494D8379}.Release|Any CPU.ActiveCfg = Release|Any CPU
		{945C1D5B-D8F2-4062-BB35-0CEE494D8379}.Release|Any CPU.Build.0 = Release|Any CPU
	EndGlobalSection
	GlobalSection(SolutionProperties) = preSolution
		HideSolutionNode = FALSE
	EndGlobalSection
	GlobalSection(ExtensibilityGlobals) = postSolution
		SolutionGuid = {09CCB466-1C83-4400-B3D2-928CF365BAF3}
	EndGlobalSection
EndGlobal
