
Microsoft Visual Studio Solution File, Format Version 12.00
# Visual Studio Version 17
VisualStudioVersion = 17.10.35004.147
MinimumVisualStudioVersion = 10.0.40219.1
Project("{FAE04EC0-301F-11D3-BF4B-00C04F79EFBC}") = "Dice-Lab", "Dice-Lab.csproj", "{92DCB232-7D9C-4C63-9284-5786765B0AF7}"
EndProject
Global
	GlobalSection(SolutionConfigurationPlatforms) = preSolution
		Debug|Any CPU = Debug|Any CPU
		Release|Any CPU = Release|Any CPU
	EndGlobalSection
	GlobalSection(ProjectConfigurationPlatforms) = postSolution
		{92DCB232-7D9C-4C63-9284-5786765B0AF7}.Debug|Any CPU.ActiveCfg = Debug|Any CPU
		{92DCB232-7D9C-4C63-9284-5786765B0AF7}.Debug|Any CPU.Build.0 = Debug|Any CPU
		{92DCB232-7D9C-4C63-9284-5786765B0AF7}.Release|Any CPU.ActiveCfg = Release|Any CPU
		{92DCB232-7D9C-4C63-9284-5786765B0AF7}.Release|Any CPU.Build.0 = Release|Any CPU
	EndGlobalSection
	GlobalSection(SolutionProperties) = preSolution
		HideSolutionNode = FALSE
	EndGlobalSection
	GlobalSection(ExtensibilityGlobals) = postSolution
		SolutionGuid = {AA241B6E-43DF-4D74-8636-A4128016332F}
	EndGlobalSection
EndGlobal
