
Microsoft Visual Studio Solution File, Format Version 12.00
# Visual Studio Version 17
VisualStudioVersion = 17.7.34031.279
MinimumVisualStudioVersion = 10.0.40219.1
Project("{FAE04EC0-301F-11D3-BF4B-00C04F79EFBC}") = "Day-3-Loop-Examples", "Day-3-Loop-Examples.csproj", "{7ACAD6B3-5358-4750-A32B-7829D11836AF}"
EndProject
Global
	GlobalSection(SolutionConfigurationPlatforms) = preSolution
		Debug|Any CPU = Debug|Any CPU
		Release|Any CPU = Release|Any CPU
	EndGlobalSection
	GlobalSection(ProjectConfigurationPlatforms) = postSolution
		{7ACAD6B3-5358-4750-A32B-7829D11836AF}.Debug|Any CPU.ActiveCfg = Debug|Any CPU
		{7ACAD6B3-5358-4750-A32B-7829D11836AF}.Debug|Any CPU.Build.0 = Debug|Any CPU
		{7ACAD6B3-5358-4750-A32B-7829D11836AF}.Release|Any CPU.ActiveCfg = Release|Any CPU
		{7ACAD6B3-5358-4750-A32B-7829D11836AF}.Release|Any CPU.Build.0 = Release|Any CPU
	EndGlobalSection
	GlobalSection(SolutionProperties) = preSolution
		HideSolutionNode = FALSE
	EndGlobalSection
	GlobalSection(ExtensibilityGlobals) = postSolution
		SolutionGuid = {1A0133DF-7F7B-4A22-86A9-7C33C71CE6E2}
	EndGlobalSection
EndGlobal
