
Microsoft Visual Studio Solution File, Format Version 12.00
# Visual Studio Version 17
VisualStudioVersion = 17.7.34031.279
MinimumVisualStudioVersion = 10.0.40219.1
Project("{FAE04EC0-301F-11D3-BF4B-00C04F79EFBC}") = "Day-1-Exercise-Strings-Numbers-Console-Frank", "Day-1-Exercise-Strings-Numbers-Console-Frank.csproj", "{B15F9696-A117-40E9-A4D5-CE739A55FC47}"
EndProject
Global
	GlobalSection(SolutionConfigurationPlatforms) = preSolution
		Debug|Any CPU = Debug|Any CPU
		Release|Any CPU = Release|Any CPU
	EndGlobalSection
	GlobalSection(ProjectConfigurationPlatforms) = postSolution
		{B15F9696-A117-40E9-A4D5-CE739A55FC47}.Debug|Any CPU.ActiveCfg = Debug|Any CPU
		{B15F9696-A117-40E9-A4D5-CE739A55FC47}.Debug|Any CPU.Build.0 = Debug|Any CPU
		{B15F9696-A117-40E9-A4D5-CE739A55FC47}.Release|Any CPU.ActiveCfg = Release|Any CPU
		{B15F9696-A117-40E9-A4D5-CE739A55FC47}.Release|Any CPU.Build.0 = Release|Any CPU
	EndGlobalSection
	GlobalSection(SolutionProperties) = preSolution
		HideSolutionNode = FALSE
	EndGlobalSection
	GlobalSection(ExtensibilityGlobals) = postSolution
		SolutionGuid = {61D97999-77DD-4E8B-8D01-11CFB2CB99F8}
	EndGlobalSection
EndGlobal
