
Microsoft Visual Studio Solution File, Format Version 12.00
# Visual Studio Version 17
VisualStudioVersion = 17.10.35004.147
MinimumVisualStudioVersion = 10.0.40219.1
Project("{FAE04EC0-301F-11D3-BF4B-00C04F79EFBC}") = "Day-3-Logging", "Day-3-Logging.csproj", "{9159676B-EBB6-4381-9F4D-11EF75301C86}"
EndProject
Global
	GlobalSection(SolutionConfigurationPlatforms) = preSolution
		Debug|Any CPU = Debug|Any CPU
		Release|Any CPU = Release|Any CPU
	EndGlobalSection
	GlobalSection(ProjectConfigurationPlatforms) = postSolution
		{9159676B-EBB6-4381-9F4D-11EF75301C86}.Debug|Any CPU.ActiveCfg = Debug|Any CPU
		{9159676B-EBB6-4381-9F4D-11EF75301C86}.Debug|Any CPU.Build.0 = Debug|Any CPU
		{9159676B-EBB6-4381-9F4D-11EF75301C86}.Release|Any CPU.ActiveCfg = Release|Any CPU
		{9159676B-EBB6-4381-9F4D-11EF75301C86}.Release|Any CPU.Build.0 = Release|Any CPU
	EndGlobalSection
	GlobalSection(SolutionProperties) = preSolution
		HideSolutionNode = FALSE
	EndGlobalSection
	GlobalSection(ExtensibilityGlobals) = postSolution
		SolutionGuid = {74F69EA9-8E55-42F7-BA4D-71AB67F11C77}
	EndGlobalSection
EndGlobal
