
Microsoft Visual Studio Solution File, Format Version 12.00
# Visual Studio Version 17
VisualStudioVersion = 17.11.35222.181
MinimumVisualStudioVersion = 10.0.40219.1
Project("{FAE04EC0-301F-11D3-BF4B-00C04F79EFBC}") = "Day-3-Inheritance", "Day-3-Inheritance\Day-3-Inheritance.csproj", "{39DAD57F-B9BA-425B-B89D-EFD4DFF4A34A}"
EndProject
Global
	GlobalSection(SolutionConfigurationPlatforms) = preSolution
		Debug|Any CPU = Debug|Any CPU
		Release|Any CPU = Release|Any CPU
	EndGlobalSection
	GlobalSection(ProjectConfigurationPlatforms) = postSolution
		{39DAD57F-B9BA-425B-B89D-EFD4DFF4A34A}.Debug|Any CPU.ActiveCfg = Debug|Any CPU
		{39DAD57F-B9BA-425B-B89D-EFD4DFF4A34A}.Debug|Any CPU.Build.0 = Debug|Any CPU
		{39DAD57F-B9BA-425B-B89D-EFD4DFF4A34A}.Release|Any CPU.ActiveCfg = Release|Any CPU
		{39DAD57F-B9BA-425B-B89D-EFD4DFF4A34A}.Release|Any CPU.Build.0 = Release|Any CPU
	EndGlobalSection
	GlobalSection(SolutionProperties) = preSolution
		HideSolutionNode = FALSE
	EndGlobalSection
	GlobalSection(ExtensibilityGlobals) = postSolution
		SolutionGuid = {812A3610-637B-4CFC-AB8E-EE5CE3318CD3}
	EndGlobalSection
EndGlobal
