
Microsoft Visual Studio Solution File, Format Version 12.00
# Visual Studio Version 17
VisualStudioVersion = 17.10.35004.147
MinimumVisualStudioVersion = 10.0.40219.1
Project("{FAE04EC0-301F-11D3-BF4B-00C04F79EFBC}") = "Basic-Loops-Lab", "Basic-Loops-Lab.csproj", "{EEE7B65F-C87A-4AEB-9165-D523F0423A98}"
EndProject
Global
	GlobalSection(SolutionConfigurationPlatforms) = preSolution
		Debug|Any CPU = Debug|Any CPU
		Release|Any CPU = Release|Any CPU
	EndGlobalSection
	GlobalSection(ProjectConfigurationPlatforms) = postSolution
		{EEE7B65F-C87A-4AEB-9165-D523F0423A98}.Debug|Any CPU.ActiveCfg = Debug|Any CPU
		{EEE7B65F-C87A-4AEB-9165-D523F0423A98}.Debug|Any CPU.Build.0 = Debug|Any CPU
		{EEE7B65F-C87A-4AEB-9165-D523F0423A98}.Release|Any CPU.ActiveCfg = Release|Any CPU
		{EEE7B65F-C87A-4AEB-9165-D523F0423A98}.Release|Any CPU.Build.0 = Release|Any CPU
	EndGlobalSection
	GlobalSection(SolutionProperties) = preSolution
		HideSolutionNode = FALSE
	EndGlobalSection
	GlobalSection(ExtensibilityGlobals) = postSolution
		SolutionGuid = {16ED53AB-1131-4276-96F0-BD35BA6C4B21}
	EndGlobalSection
EndGlobal
