
Microsoft Visual Studio Solution File, Format Version 12.00
# Visual Studio Version 17
VisualStudioVersion = 17.7.34031.279
MinimumVisualStudioVersion = 10.0.40219.1
Project("{FAE04EC0-301F-11D3-BF4B-00C04F79EFBC}") = "Day-5-Array-Example", "Day-5-Array-Example.csproj", "{BBDAA855-8D4B-454A-92BD-01115373DF5D}"
EndProject
Global
	GlobalSection(SolutionConfigurationPlatforms) = preSolution
		Debug|Any CPU = Debug|Any CPU
		Release|Any CPU = Release|Any CPU
	EndGlobalSection
	GlobalSection(ProjectConfigurationPlatforms) = postSolution
		{BBDAA855-8D4B-454A-92BD-01115373DF5D}.Debug|Any CPU.ActiveCfg = Debug|Any CPU
		{BBDAA855-8D4B-454A-92BD-01115373DF5D}.Debug|Any CPU.Build.0 = Debug|Any CPU
		{BBDAA855-8D4B-454A-92BD-01115373DF5D}.Release|Any CPU.ActiveCfg = Release|Any CPU
		{BBDAA855-8D4B-454A-92BD-01115373DF5D}.Release|Any CPU.Build.0 = Release|Any CPU
	EndGlobalSection
	GlobalSection(SolutionProperties) = preSolution
		HideSolutionNode = FALSE
	EndGlobalSection
	GlobalSection(ExtensibilityGlobals) = postSolution
		SolutionGuid = {C62F8B17-06F7-4BDA-BF08-B135E5020AE3}
	EndGlobalSection
EndGlobal
