
Microsoft Visual Studio Solution File, Format Version 12.00
# Visual Studio Version 17
VisualStudioVersion = 17.11.35219.272
MinimumVisualStudioVersion = 10.0.40219.1
Project("{FAE04EC0-301F-11D3-BF4B-00C04F79EFBC}") = "Day-3-Dictionary-Example", "Day-3-Dictionary-Example.csproj", "{A0062E2F-5FED-4ED7-82DB-B7573AFDD703}"
EndProject
Global
	GlobalSection(SolutionConfigurationPlatforms) = preSolution
		Debug|Any CPU = Debug|Any CPU
		Release|Any CPU = Release|Any CPU
	EndGlobalSection
	GlobalSection(ProjectConfigurationPlatforms) = postSolution
		{A0062E2F-5FED-4ED7-82DB-B7573AFDD703}.Debug|Any CPU.ActiveCfg = Debug|Any CPU
		{A0062E2F-5FED-4ED7-82DB-B7573AFDD703}.Debug|Any CPU.Build.0 = Debug|Any CPU
		{A0062E2F-5FED-4ED7-82DB-B7573AFDD703}.Release|Any CPU.ActiveCfg = Release|Any CPU
		{A0062E2F-5FED-4ED7-82DB-B7573AFDD703}.Release|Any CPU.Build.0 = Release|Any CPU
	EndGlobalSection
	GlobalSection(SolutionProperties) = preSolution
		HideSolutionNode = FALSE
	EndGlobalSection
	GlobalSection(ExtensibilityGlobals) = postSolution
		SolutionGuid = {E92D30C6-5E09-4B49-9A9D-C95C40AB091B}
	EndGlobalSection
EndGlobal
