
Microsoft Visual Studio Solution File, Format Version 12.00
# Visual Studio Version 17
VisualStudioVersion = 17.10.35004.147
MinimumVisualStudioVersion = 10.0.40219.1
Project("{FAE04EC0-301F-11D3-BF4B-00C04F79EFBC}") = "Dictonary-Practice", "Dictonary-Practice.csproj", "{A2D62456-D961-4E17-818F-031C995D4C5D}"
EndProject
Global
	GlobalSection(SolutionConfigurationPlatforms) = preSolution
		Debug|Any CPU = Debug|Any CPU
		Release|Any CPU = Release|Any CPU
	EndGlobalSection
	GlobalSection(ProjectConfigurationPlatforms) = postSolution
		{A2D62456-D961-4E17-818F-031C995D4C5D}.Debug|Any CPU.ActiveCfg = Debug|Any CPU
		{A2D62456-D961-4E17-818F-031C995D4C5D}.Debug|Any CPU.Build.0 = Debug|Any CPU
		{A2D62456-D961-4E17-818F-031C995D4C5D}.Release|Any CPU.ActiveCfg = Release|Any CPU
		{A2D62456-D961-4E17-818F-031C995D4C5D}.Release|Any CPU.Build.0 = Release|Any CPU
	EndGlobalSection
	GlobalSection(SolutionProperties) = preSolution
		HideSolutionNode = FALSE
	EndGlobalSection
	GlobalSection(ExtensibilityGlobals) = postSolution
		SolutionGuid = {8152B72F-20E2-4A9D-9AF7-926F1BE9C825}
	EndGlobalSection
EndGlobal
